
Microsoft Visual Studio Solution File, Format Version 12.00
# Visual Studio Version 17
VisualStudioVersion = 17.0.31903.59
MinimumVisualStudioVersion = 10.0.40219.1
Project("{FAE04EC0-301F-11D3-BF4B-00C04F79EFBC}") = "SmoothOperator", "SmoothOperator\SmoothOperator.csproj", "{E6070B99-90E5-46C8-B3AA-650AF85C5468}"
EndProject
Project("{FAE04EC0-301F-11D3-BF4B-00C04F79EFBC}") = "VariousOperators", "VariousOperators\VariousOperators.csproj", "{CBBDE702-1B02-4A3C-9799-EB842A4A3B6E}"
EndProject
Project("{FAE04EC0-301F-11D3-BF4B-00C04F79EFBC}") = "Cilindro", "Cilindro\Cilindro.csproj", "{77EC23C1-8220-4FE9-B16D-EA595192B94A}"
EndProject
Project("{FAE04EC0-301F-11D3-BF4B-00C04F79EFBC}") = "ValoresEspeciais", "ValoresEspeciais\ValoresEspeciais.csproj", "{3BD95200-9A89-4345-946B-9D5D0BB7BC13}"
EndProject
Project("{FAE04EC0-301F-11D3-BF4B-00C04F79EFBC}") = "ChatGPTZero", "ChatGPTZero\ChatGPTZero.csproj", "{29FFFC73-8E8C-4046-B947-DB58272908DD}"
EndProject
Project("{FAE04EC0-301F-11D3-BF4B-00C04F79EFBC}") = "BreakContinue", "BreakContinue\BreakContinue.csproj", "{4D869454-1277-4A06-BBF7-1EB25AD429D9}"
EndProject
Project("{FAE04EC0-301F-11D3-BF4B-00C04F79EFBC}") = "ChatGPTOne", "ChatGPTOne\ChatGPTOne.csproj", "{BB80879A-F0AE-4852-A80A-4C4AAE65B015}"
EndProject
Global
	GlobalSection(SolutionConfigurationPlatforms) = preSolution
		Debug|Any CPU = Debug|Any CPU
		Release|Any CPU = Release|Any CPU
	EndGlobalSection
	GlobalSection(SolutionProperties) = preSolution
		HideSolutionNode = FALSE
	EndGlobalSection
	GlobalSection(ProjectConfigurationPlatforms) = postSolution
		{E6070B99-90E5-46C8-B3AA-650AF85C5468}.Debug|Any CPU.ActiveCfg = Debug|Any CPU
		{E6070B99-90E5-46C8-B3AA-650AF85C5468}.Debug|Any CPU.Build.0 = Debug|Any CPU
		{E6070B99-90E5-46C8-B3AA-650AF85C5468}.Release|Any CPU.ActiveCfg = Release|Any CPU
		{E6070B99-90E5-46C8-B3AA-650AF85C5468}.Release|Any CPU.Build.0 = Release|Any CPU
		{CBBDE702-1B02-4A3C-9799-EB842A4A3B6E}.Debug|Any CPU.ActiveCfg = Debug|Any CPU
		{CBBDE702-1B02-4A3C-9799-EB842A4A3B6E}.Debug|Any CPU.Build.0 = Debug|Any CPU
		{CBBDE702-1B02-4A3C-9799-EB842A4A3B6E}.Release|Any CPU.ActiveCfg = Release|Any CPU
		{CBBDE702-1B02-4A3C-9799-EB842A4A3B6E}.Release|Any CPU.Build.0 = Release|Any CPU
		{77EC23C1-8220-4FE9-B16D-EA595192B94A}.Debug|Any CPU.ActiveCfg = Debug|Any CPU
		{77EC23C1-8220-4FE9-B16D-EA595192B94A}.Debug|Any CPU.Build.0 = Debug|Any CPU
		{77EC23C1-8220-4FE9-B16D-EA595192B94A}.Release|Any CPU.ActiveCfg = Release|Any CPU
		{77EC23C1-8220-4FE9-B16D-EA595192B94A}.Release|Any CPU.Build.0 = Release|Any CPU
		{3BD95200-9A89-4345-946B-9D5D0BB7BC13}.Debug|Any CPU.ActiveCfg = Debug|Any CPU
		{3BD95200-9A89-4345-946B-9D5D0BB7BC13}.Debug|Any CPU.Build.0 = Debug|Any CPU
		{3BD95200-9A89-4345-946B-9D5D0BB7BC13}.Release|Any CPU.ActiveCfg = Release|Any CPU
		{3BD95200-9A89-4345-946B-9D5D0BB7BC13}.Release|Any CPU.Build.0 = Release|Any CPU
		{29FFFC73-8E8C-4046-B947-DB58272908DD}.Debug|Any CPU.ActiveCfg = Debug|Any CPU
		{29FFFC73-8E8C-4046-B947-DB58272908DD}.Debug|Any CPU.Build.0 = Debug|Any CPU
		{29FFFC73-8E8C-4046-B947-DB58272908DD}.Release|Any CPU.ActiveCfg = Release|Any CPU
		{29FFFC73-8E8C-4046-B947-DB58272908DD}.Release|Any CPU.Build.0 = Release|Any CPU
		{4D869454-1277-4A06-BBF7-1EB25AD429D9}.Debug|Any CPU.ActiveCfg = Debug|Any CPU
		{4D869454-1277-4A06-BBF7-1EB25AD429D9}.Debug|Any CPU.Build.0 = Debug|Any CPU
		{4D869454-1277-4A06-BBF7-1EB25AD429D9}.Release|Any CPU.ActiveCfg = Release|Any CPU
		{4D869454-1277-4A06-BBF7-1EB25AD429D9}.Release|Any CPU.Build.0 = Release|Any CPU
		{BB80879A-F0AE-4852-A80A-4C4AAE65B015}.Debug|Any CPU.ActiveCfg = Debug|Any CPU
		{BB80879A-F0AE-4852-A80A-4C4AAE65B015}.Debug|Any CPU.Build.0 = Debug|Any CPU
		{BB80879A-F0AE-4852-A80A-4C4AAE65B015}.Release|Any CPU.ActiveCfg = Release|Any CPU
		{BB80879A-F0AE-4852-A80A-4C4AAE65B015}.Release|Any CPU.Build.0 = Release|Any CPU
	EndGlobalSection
EndGlobal
